{
    "_meta": {
        "hash": {
            "sha256": "622530586fe6f1cd79d82bd84f5db1fbe1281f7457df62fd2fbf27fe21f95eff"
        },
        "pipfile-spec": 6,
        "requires": {
            "python_version": "3.9"
        },
        "sources": [
            {
                "name": "pypi",
                "url": "https://pypi.org/simple",
                "verify_ssl": true
            },
            {
                "name": "mypypi",
                "url": "<my-pypi-registry>",
                "verify_ssl": true
            }
        ]
    },
    "default": {
        "asgiref": {
            "hashes": [
                "sha256:1d2880b792ae8757289136f1db2b7b99100ce959b2aa57fd69dab783d05afac4",
                "sha256:4a29362a6acebe09bf1d6640db38c1dc3d9217c68e6f9f6204d72667fc19a424"
            ],
            "markers": "python_version >= '3.7'",
            "version": "==3.5.2"
        },
        "django": {
            "hashes": [
                "sha256:55ea3e07df2eb3994b7261d743c111e4c27a56ca1285eb762dba07432ebe4039",
                "sha256:ec22c3e909af402281ef1dea69cbbc42b43b9ac9379df2914e0a7b85597242d6"
            ],
            "index": "pypi",
            "version": "==4.1b1"
        },
        "mysqlclient": {
            "hashes": [
                "sha256:b355c8b5a7d58f2e909acdbb050858390ee1b0e13672ae759e5e784110022994"
            ],
            "path": "./mysqlclient-2.1.1-cp39-cp39-win_amd64.whl",
            "version": "==2.1.1"
        },
        "sqlparse": {
            "hashes": [
                "sha256:0c00730c74263a94e5a9919ade150dfc3b19c574389985446148402998287dae",
                "sha256:48719e356bb8b42991bdbb1e8b83223757b93789c00910a616a071910ca4a64d"
            ],
            "markers": "python_version >= '3.5'",
            "version": "==0.4.2"
        },
        "tzdata": {
            "hashes": [
                "sha256:238e70234214138ed7b4e8a0fab0e5e13872edab3be586ab8198c407620e2ab9",
                "sha256:8b536a8ec63dc0751342b3984193a3118f8fca2afe25752bb9b7fffd398552d3"
            ],
            "markers": "sys_platform == 'win32'",
            "version": "==2022.1"
        }
    },
    "develop": {}
}
